
Microsoft Visual Studio Solution File, Format Version 12.00
# Visual Studio Version 16
VisualStudioVersion = 16.0.30523.141
MinimumVisualStudioVersion = 10.0.40219.1
Project("{FAE04EC0-301F-11D3-BF4B-00C04F79EFBC}") = "Panca_Delia_Lab2", "Panca_Delia_Lab2.csproj", "{A79354B6-203A-4635-8F1B-98D5EB614254}"
EndProject
Global
	GlobalSection(SolutionConfigurationPlatforms) = preSolution
		Debug|Any CPU = Debug|Any CPU
		Release|Any CPU = Release|Any CPU
	EndGlobalSection
	GlobalSection(ProjectConfigurationPlatforms) = postSolution
		{A79354B6-203A-4635-8F1B-98D5EB614254}.Debug|Any CPU.ActiveCfg = Debug|Any CPU
		{A79354B6-203A-4635-8F1B-98D5EB614254}.Debug|Any CPU.Build.0 = Debug|Any CPU
		{A79354B6-203A-4635-8F1B-98D5EB614254}.Release|Any CPU.ActiveCfg = Release|Any CPU
		{A79354B6-203A-4635-8F1B-98D5EB614254}.Release|Any CPU.Build.0 = Release|Any CPU
	EndGlobalSection
	GlobalSection(SolutionProperties) = preSolution
		HideSolutionNode = FALSE
	EndGlobalSection
	GlobalSection(ExtensibilityGlobals) = postSolution
		SolutionGuid = {A744AF42-D6DC-4191-A70F-AB3EFF55E973}
	EndGlobalSection
EndGlobal
